
Microsoft Visual Studio Solution File, Format Version 12.00
# Visual Studio Version 17
VisualStudioVersion = 17.10.35027.167
MinimumVisualStudioVersion = 10.0.40219.1
Project("{FAE04EC0-301F-11D3-BF4B-00C04F79EFBC}") = "Data types in Csharp", "Data types in Csharp\Data types in Csharp.csproj", "{23F9B13A-F0B9-451E-A010-33E69AC0ED40}"
EndProject
Global
	GlobalSection(SolutionConfigurationPlatforms) = preSolution
		Debug|Any CPU = Debug|Any CPU
		Release|Any CPU = Release|Any CPU
	EndGlobalSection
	GlobalSection(ProjectConfigurationPlatforms) = postSolution
		{23F9B13A-F0B9-451E-A010-33E69AC0ED40}.Debug|Any CPU.ActiveCfg = Debug|Any CPU
		{23F9B13A-F0B9-451E-A010-33E69AC0ED40}.Debug|Any CPU.Build.0 = Debug|Any CPU
		{23F9B13A-F0B9-451E-A010-33E69AC0ED40}.Release|Any CPU.ActiveCfg = Release|Any CPU
		{23F9B13A-F0B9-451E-A010-33E69AC0ED40}.Release|Any CPU.Build.0 = Release|Any CPU
	EndGlobalSection
	GlobalSection(SolutionProperties) = preSolution
		HideSolutionNode = FALSE
	EndGlobalSection
	GlobalSection(ExtensibilityGlobals) = postSolution
		SolutionGuid = {40C4C326-58DE-4DBA-9380-E0EA5A9DE41B}
	EndGlobalSection
EndGlobal
